// !$*UTF8*$!
{
	archiveVersion = 1;
	classes = {
	};
	objectVersion = 46;
	objects = {

/* Begin PBXBuildFile section */
		1F8C218D1AF528F500E800CA /* Images.xcassets in Resources */ = {isa = PBXBuildFile; fileRef = 1F8C218C1AF528F500E800CA /* Images.xcassets */; };
		1F8C219C1AF528F500E800CA /* ____Tests.m in Sources */ = {isa = PBXBuildFile; fileRef = 1F8C219B1AF528F500E800CA /* ____Tests.m */; };
		1F8C21B31AF52B0400E800CA /* AppDelegate.m in Sources */ = {isa = PBXBuildFile; fileRef = 1F8C21AF1AF52B0400E800CA /* AppDelegate.m */; };
		1F8C21B41AF52B0400E800CA /* LaunchScreen.xib in Resources */ = {isa = PBXBuildFile; fileRef = 1F8C21B01AF52B0400E800CA /* LaunchScreen.xib */; };
		1F8C21B51AF52B0400E800CA /* main.m in Sources */ = {isa = PBXBuildFile; fileRef = 1F8C21B21AF52B0400E800CA /* main.m */; };
		1F8C21C71AF5313E00E800CA /* UIView+Extension.m in Sources */ = {isa = PBXBuildFile; fileRef = 1F8C21C61AF5313E00E800CA /* UIView+Extension.m */; };
		1FA39EE61AF5F68C00880F87 /* Main.storyboard in Resources */ = {isa = PBXBuildFile; fileRef = 1FA39EDB1AF5F68C00880F87 /* Main.storyboard */; };
		1FA39EE71AF5F68C00880F87 /* WRBaseViewController.m in Sources */ = {isa = PBXBuildFile; fileRef = 1FA39EDD1AF5F68C00880F87 /* WRBaseViewController.m */; };
		1FA39EE81AF5F68C00880F87 /* WRContentViewController.m in Sources */ = {isa = PBXBuildFile; fileRef = 1FA39EDF1AF5F68C00880F87 /* WRContentViewController.m */; };
		1FA39EE91AF5F68C00880F87 /* WRMenuViewController.m in Sources */ = {isa = PBXBuildFile; fileRef = 1FA39EE11AF5F68C00880F87 /* WRMenuViewController.m */; };
		1FA39EEA1AF5F68C00880F87 /* WRNavigationController.m in Sources */ = {isa = PBXBuildFile; fileRef = 1FA39EE31AF5F68C00880F87 /* WRNavigationController.m */; };
		1FACA9851AF5FB6900F559A8 /* WRHomeViewController.m in Sources */ = {isa = PBXBuildFile; fileRef = 1FACA9841AF5FB6900F559A8 /* WRHomeViewController.m */; };
		1FACA9901AF6017E00F559A8 /* WRMineViewController.m in Sources */ = {isa = PBXBuildFile; fileRef = 1FACA98F1AF6017E00F559A8 /* WRMineViewController.m */; };
		1FACA9931AF6054E00F559A8 /* WRSettingViewController.m in Sources */ = {isa = PBXBuildFile; fileRef = 1FACA9921AF6054E00F559A8 /* WRSettingViewController.m */; };
		1FACA99A1AF65BD200F559A8 /* WRSearchViewController.m in Sources */ = {isa = PBXBuildFile; fileRef = 1FACA9981AF65BD200F559A8 /* WRSearchViewController.m */; };
		1FACA99B1AF65BD200F559A8 /* WRSearchViewController.xib in Resources */ = {isa = PBXBuildFile; fileRef = 1FACA9991AF65BD200F559A8 /* WRSearchViewController.xib */; };
/* End PBXBuildFile section */

/* Begin PBXContainerItemProxy section */
		1F8C21961AF528F500E800CA /* PBXContainerItemProxy */ = {
			isa = PBXContainerItemProxy;
			containerPortal = 1F8C21741AF528F500E800CA /* Project object */;
			proxyType = 1;
			remoteGlobalIDString = 1F8C217B1AF528F500E800CA;
			remoteInfo = "抽屉导航";
		};
/* End PBXContainerItemProxy section */

/* Begin PBXFileReference section */
		1F8C217C1AF528F500E800CA /* 抽屉导航.app */ = {isa = PBXFileReference; explicitFileType = wrapper.application; includeInIndex = 0; path = "抽屉导航.app"; sourceTree = BUILT_PRODUCTS_DIR; };
		1F8C21801AF528F500E800CA /* Info.plist */ = {isa = PBXFileReference; lastKnownFileType = text.plist.xml; path = Info.plist; sourceTree = "<group>"; };
		1F8C218C1AF528F500E800CA /* Images.xcassets */ = {isa = PBXFileReference; lastKnownFileType = folder.assetcatalog; path = Images.xcassets; sourceTree = "<group>"; };
		1F8C21951AF528F500E800CA /* 抽屉导航Tests.xctest */ = {isa = PBXFileReference; explicitFileType = wrapper.cfbundle; includeInIndex = 0; path = "抽屉导航Tests.xctest"; sourceTree = BUILT_PRODUCTS_DIR; };
		1F8C219A1AF528F500E800CA /* Info.plist */ = {isa = PBXFileReference; lastKnownFileType = text.plist.xml; path = Info.plist; sourceTree = "<group>"; };
		1F8C219B1AF528F500E800CA /* ____Tests.m */ = {isa = PBXFileReference; lastKnownFileType = sourcecode.c.objc; path = "____Tests.m"; sourceTree = "<group>"; };
		1F8C21AE1AF52B0400E800CA /* AppDelegate.h */ = {isa = PBXFileReference; fileEncoding = 4; lastKnownFileType = sourcecode.c.h; path = AppDelegate.h; sourceTree = "<group>"; };
		1F8C21AF1AF52B0400E800CA /* AppDelegate.m */ = {isa = PBXFileReference; fileEncoding = 4; lastKnownFileType = sourcecode.c.objc; path = AppDelegate.m; sourceTree = "<group>"; };
		1F8C21B11AF52B0400E800CA /* Base */ = {isa = PBXFileReference; lastKnownFileType = file.xib; name = Base; path = Base.lproj/LaunchScreen.xib; sourceTree = "<group>"; };
		1F8C21B21AF52B0400E800CA /* main.m */ = {isa = PBXFileReference; fileEncoding = 4; lastKnownFileType = sourcecode.c.objc; path = main.m; sourceTree = "<group>"; };
		1F8C21C51AF5313E00E800CA /* UIView+Extension.h */ = {isa = PBXFileReference; fileEncoding = 4; lastKnownFileType = sourcecode.c.h; path = "UIView+Extension.h"; sourceTree = "<group>"; };
		1F8C21C61AF5313E00E800CA /* UIView+Extension.m */ = {isa = PBXFileReference; fileEncoding = 4; lastKnownFileType = sourcecode.c.objc; path = "UIView+Extension.m"; sourceTree = "<group>"; };
		1FA39EDB1AF5F68C00880F87 /* Main.storyboard */ = {isa = PBXFileReference; fileEncoding = 4; lastKnownFileType = file.storyboard; path = Main.storyboard; sourceTree = "<group>"; };
		1FA39EDC1AF5F68C00880F87 /* WRBaseViewController.h */ = {isa = PBXFileReference; fileEncoding = 4; lastKnownFileType = sourcecode.c.h; path = WRBaseViewController.h; sourceTree = "<group>"; };
		1FA39EDD1AF5F68C00880F87 /* WRBaseViewController.m */ = {isa = PBXFileReference; fileEncoding = 4; lastKnownFileType = sourcecode.c.objc; path = WRBaseViewController.m; sourceTree = "<group>"; };
		1FA39EDE1AF5F68C00880F87 /* WRContentViewController.h */ = {isa = PBXFileReference; fileEncoding = 4; lastKnownFileType = sourcecode.c.h; path = WRContentViewController.h; sourceTree = "<group>"; };
		1FA39EDF1AF5F68C00880F87 /* WRContentViewController.m */ = {isa = PBXFileReference; fileEncoding = 4; lastKnownFileType = sourcecode.c.objc; path = WRContentViewController.m; sourceTree = "<group>"; };
		1FA39EE01AF5F68C00880F87 /* WRMenuViewController.h */ = {isa = PBXFileReference; fileEncoding = 4; lastKnownFileType = sourcecode.c.h; path = WRMenuViewController.h; sourceTree = "<group>"; };
		1FA39EE11AF5F68C00880F87 /* WRMenuViewController.m */ = {isa = PBXFileReference; fileEncoding = 4; lastKnownFileType = sourcecode.c.objc; path = WRMenuViewController.m; sourceTree = "<group>"; };
		1FA39EE21AF5F68C00880F87 /* WRNavigationController.h */ = {isa = PBXFileReference; fileEncoding = 4; lastKnownFileType = sourcecode.c.h; path = WRNavigationController.h; sourceTree = "<group>"; };
		1FA39EE31AF5F68C00880F87 /* WRNavigationController.m */ = {isa = PBXFileReference; fileEncoding = 4; lastKnownFileType = sourcecode.c.objc; path = WRNavigationController.m; sourceTree = "<group>"; };
		1FACA9831AF5FB6900F559A8 /* WRHomeViewController.h */ = {isa = PBXFileReference; fileEncoding = 4; lastKnownFileType = sourcecode.c.h; path = WRHomeViewController.h; sourceTree = "<group>"; };
		1FACA9841AF5FB6900F559A8 /* WRHomeViewController.m */ = {isa = PBXFileReference; fileEncoding = 4; lastKnownFileType = sourcecode.c.objc; path = WRHomeViewController.m; sourceTree = "<group>"; };
		1FACA98E1AF6017E00F559A8 /* WRMineViewController.h */ = {isa = PBXFileReference; fileEncoding = 4; lastKnownFileType = sourcecode.c.h; path = WRMineViewController.h; sourceTree = "<group>"; };
		1FACA98F1AF6017E00F559A8 /* WRMineViewController.m */ = {isa = PBXFileReference; fileEncoding = 4; lastKnownFileType = sourcecode.c.objc; path = WRMineViewController.m; sourceTree = "<group>"; };
		1FACA9911AF6054E00F559A8 /* WRSettingViewController.h */ = {isa = PBXFileReference; fileEncoding = 4; lastKnownFileType = sourcecode.c.h; path = WRSettingViewController.h; sourceTree = "<group>"; };
		1FACA9921AF6054E00F559A8 /* WRSettingViewController.m */ = {isa = PBXFileReference; fileEncoding = 4; lastKnownFileType = sourcecode.c.objc; path = WRSettingViewController.m; sourceTree = "<group>"; };
		1FACA9971AF65BD200F559A8 /* WRSearchViewController.h */ = {isa = PBXFileReference; fileEncoding = 4; lastKnownFileType = sourcecode.c.h; path = WRSearchViewController.h; sourceTree = "<group>"; };
		1FACA9981AF65BD200F559A8 /* WRSearchViewController.m */ = {isa = PBXFileReference; fileEncoding = 4; lastKnownFileType = sourcecode.c.objc; path = WRSearchViewController.m; sourceTree = "<group>"; };
		1FACA9991AF65BD200F559A8 /* WRSearchViewController.xib */ = {isa = PBXFileReference; fileEncoding = 4; lastKnownFileType = file.xib; path = WRSearchViewController.xib; sourceTree = "<group>"; };
/* End PBXFileReference section */

/* Begin PBXFrameworksBuildPhase section */
		1F8C21791AF528F500E800CA /* Frameworks */ = {
			isa = PBXFrameworksBuildPhase;
			buildActionMask = 2147483647;
			files = (
			);
			runOnlyForDeploymentPostprocessing = 0;
		};
		1F8C21921AF528F500E800CA /* Frameworks */ = {
			isa = PBXFrameworksBuildPhase;
			buildActionMask = 2147483647;
			files = (
			);
			runOnlyForDeploymentPostprocessing = 0;
		};
/* End PBXFrameworksBuildPhase section */

/* Begin PBXGroup section */
		1F8C21731AF528F500E800CA = {
			isa = PBXGroup;
			children = (
				1F8C217E1AF528F500E800CA /* 抽屉导航 */,
				1F8C21981AF528F500E800CA /* 抽屉导航Tests */,
				1F8C217D1AF528F500E800CA /* Products */,
			);
			sourceTree = "<group>";
		};
		1F8C217D1AF528F500E800CA /* Products */ = {
			isa = PBXGroup;
			children = (
				1F8C217C1AF528F500E800CA /* 抽屉导航.app */,
				1F8C21951AF528F500E800CA /* 抽屉导航Tests.xctest */,
			);
			name = Products;
			sourceTree = "<group>";
		};
		1F8C217E1AF528F500E800CA /* 抽屉导航 */ = {
			isa = PBXGroup;
			children = (
				1F8C21A51AF52A3E00E800CA /* Classes */,
				1F8C217F1AF528F500E800CA /* Supporting Files */,
			);
			path = "抽屉导航";
			sourceTree = "<group>";
		};
		1F8C217F1AF528F500E800CA /* Supporting Files */ = {
			isa = PBXGroup;
			children = (
				1F8C218C1AF528F500E800CA /* Images.xcassets */,
				1F8C21801AF528F500E800CA /* Info.plist */,
			);
			name = "Supporting Files";
			sourceTree = "<group>";
		};
		1F8C21981AF528F500E800CA /* 抽屉导航Tests */ = {
			isa = PBXGroup;
			children = (
				1F8C219B1AF528F500E800CA /* ____Tests.m */,
				1F8C21991AF528F500E800CA /* Supporting Files */,
			);
			path = "抽屉导航Tests";
			sourceTree = "<group>";
		};
		1F8C21991AF528F500E800CA /* Supporting Files */ = {
			isa = PBXGroup;
			children = (
				1F8C219A1AF528F500E800CA /* Info.plist */,
			);
			name = "Supporting Files";
			sourceTree = "<group>";
		};
		1F8C21A51AF52A3E00E800CA /* Classes */ = {
			isa = PBXGroup;
			children = (
				1FA39EDA1AF5F68C00880F87 /* Main */,
				1FA39ED91AF5F68C00880F87 /* Home */,
				1FA39EE41AF5F68C00880F87 /* Mine */,
				1FA39EE51AF5F68C00880F87 /* Setting */,
				1F8C21C41AF5312A00E800CA /* Category */,
				1F8C21AD1AF52B0400E800CA /* Other */,
			);
			path = Classes;
			sourceTree = "<group>";
		};
		1F8C21AD1AF52B0400E800CA /* Other */ = {
			isa = PBXGroup;
			children = (
				1F8C21AE1AF52B0400E800CA /* AppDelegate.h */,
				1F8C21AF1AF52B0400E800CA /* AppDelegate.m */,
				1F8C21B01AF52B0400E800CA /* LaunchScreen.xib */,
				1F8C21B21AF52B0400E800CA /* main.m */,
			);
			path = Other;
			sourceTree = "<group>";
		};
		1F8C21C41AF5312A00E800CA /* Category */ = {
			isa = PBXGroup;
			children = (
				1F8C21C51AF5313E00E800CA /* UIView+Extension.h */,
				1F8C21C61AF5313E00E800CA /* UIView+Extension.m */,
			);
			path = Category;
			sourceTree = "<group>";
		};
		1FA39ED91AF5F68C00880F87 /* Home */ = {
			isa = PBXGroup;
			children = (
				1FACA9831AF5FB6900F559A8 /* WRHomeViewController.h */,
				1FACA9841AF5FB6900F559A8 /* WRHomeViewController.m */,
				1FACA9971AF65BD200F559A8 /* WRSearchViewController.h */,
				1FACA9981AF65BD200F559A8 /* WRSearchViewController.m */,
				1FACA9991AF65BD200F559A8 /* WRSearchViewController.xib */,
			);
			path = Home;
			sourceTree = "<group>";
		};
		1FA39EDA1AF5F68C00880F87 /* Main */ = {
			isa = PBXGroup;
			children = (
				1FA39EDB1AF5F68C00880F87 /* Main.storyboard */,
				1FA39EDC1AF5F68C00880F87 /* WRBaseViewController.h */,
				1FA39EDD1AF5F68C00880F87 /* WRBaseViewController.m */,
				1FA39EDE1AF5F68C00880F87 /* WRContentViewController.h */,
				1FA39EDF1AF5F68C00880F87 /* WRContentViewController.m */,
				1FA39EE01AF5F68C00880F87 /* WRMenuViewController.h */,
				1FA39EE11AF5F68C00880F87 /* WRMenuViewController.m */,
				1FA39EE21AF5F68C00880F87 /* WRNavigationController.h */,
				1FA39EE31AF5F68C00880F87 /* WRNavigationController.m */,
			);
			path = Main;
			sourceTree = "<group>";
		};
		1FA39EE41AF5F68C00880F87 /* Mine */ = {
			isa = PBXGroup;
			children = (
				1FACA98E1AF6017E00F559A8 /* WRMineViewController.h */,
				1FACA98F1AF6017E00F559A8 /* WRMineViewController.m */,
			);
			path = Mine;
			sourceTree = "<group>";
		};
		1FA39EE51AF5F68C00880F87 /* Setting */ = {
			isa = PBXGroup;
			children = (
				1FACA9911AF6054E00F559A8 /* WRSettingViewController.h */,
				1FACA9921AF6054E00F559A8 /* WRSettingViewController.m */,
			);
			path = Setting;
			sourceTree = "<group>";
		};
/* End PBXGroup section */

/* Begin PBXNativeTarget section */
		1F8C217B1AF528F500E800CA /* 抽屉导航 */ = {
			isa = PBXNativeTarget;
			buildConfigurationList = 1F8C219F1AF528F500E800CA /* Build configuration list for PBXNativeTarget "抽屉导航" */;
			buildPhases = (
				1F8C21781AF528F500E800CA /* Sources */,
				1F8C21791AF528F500E800CA /* Frameworks */,
				1F8C217A1AF528F500E800CA /* Resources */,
			);
			buildRules = (
			);
			dependencies = (
			);
			name = "抽屉导航";
			productName = "抽屉导航";
			productReference = 1F8C217C1AF528F500E800CA /* 抽屉导航.app */;
			productType = "com.apple.product-type.application";
		};
		1F8C21941AF528F500E800CA /* 抽屉导航Tests */ = {
			isa = PBXNativeTarget;
			buildConfigurationList = 1F8C21A21AF528F500E800CA /* Build configuration list for PBXNativeTarget "抽屉导航Tests" */;
			buildPhases = (
				1F8C21911AF528F500E800CA /* Sources */,
				1F8C21921AF528F500E800CA /* Frameworks */,
				1F8C21931AF528F500E800CA /* Resources */,
			);
			buildRules = (
			);
			dependencies = (
				1F8C21971AF528F500E800CA /* PBXTargetDependency */,
			);
			name = "抽屉导航Tests";
			productName = "抽屉导航Tests";
			productReference = 1F8C21951AF528F500E800CA /* 抽屉导航Tests.xctest */;
			productType = "com.apple.product-type.bundle.unit-test";
		};
/* End PBXNativeTarget section */

/* Begin PBXProject section */
		1F8C21741AF528F500E800CA /* Project object */ = {
			isa = PBXProject;
			attributes = {
				LastUpgradeCheck = 0610;
				ORGANIZATIONNAME = WR;
				TargetAttributes = {
					1F8C217B1AF528F500E800CA = {
						CreatedOnToolsVersion = 6.1.1;
					};
					1F8C21941AF528F500E800CA = {
						CreatedOnToolsVersion = 6.1.1;
						TestTargetID = 1F8C217B1AF528F500E800CA;
					};
				};
			};
			buildConfigurationList = 1F8C21771AF528F500E800CA /* Build configuration list for PBXProject "抽屉导航" */;
			compatibilityVersion = "Xcode 3.2";
			developmentRegion = English;
			hasScannedForEncodings = 0;
			knownRegions = (
				en,
				Base,
			);
			mainGroup = 1F8C21731AF528F500E800CA;
			productRefGroup = 1F8C217D1AF528F500E800CA /* Products */;
			projectDirPath = "";
			projectRoot = "";
			targets = (
				1F8C217B1AF528F500E800CA /* 抽屉导航 */,
				1F8C21941AF528F500E800CA /* 抽屉导航Tests */,
			);
		};
/* End PBXProject section */

/* Begin PBXResourcesBuildPhase section */
		1F8C217A1AF528F500E800CA /* Resources */ = {
			isa = PBXResourcesBuildPhase;
			buildActionMask = 2147483647;
			files = (
				1FA39EE61AF5F68C00880F87 /* Main.storyboard in Resources */,
				1FACA99B1AF65BD200F559A8 /* WRSearchViewController.xib in Resources */,
				1F8C21B41AF52B0400E800CA /* LaunchScreen.xib in Resources */,
				1F8C218D1AF528F500E800CA /* Images.xcassets in Resources */,
			);
			runOnlyForDeploymentPostprocessing = 0;
		};
		1F8C21931AF528F500E800CA /* Resources */ = {
			isa = PBXResourcesBuildPhase;
			buildActionMask = 2147483647;
			files = (
			);
			runOnlyForDeploymentPostprocessing = 0;
		};
/* End PBXResourcesBuildPhase section */

/* Begin PBXSourcesBuildPhase section */
		1F8C21781AF528F500E800CA /* Sources */ = {
			isa = PBXSourcesBuildPhase;
			buildActionMask = 2147483647;
			files = (
				1FA39EE71AF5F68C00880F87 /* WRBaseViewController.m in Sources */,
				1FA39EEA1AF5F68C00880F87 /* WRNavigationController.m in Sources */,
				1FACA9931AF6054E00F559A8 /* WRSettingViewController.m in Sources */,
				1FACA9901AF6017E00F559A8 /* WRMineViewController.m in Sources */,
				1FACA9851AF5FB6900F559A8 /* WRHomeViewController.m in Sources */,
				1FACA99A1AF65BD200F559A8 /* WRSearchViewController.m in Sources */,
				1FA39EE81AF5F68C00880F87 /* WRContentViewController.m in Sources */,
				1F8C21C71AF5313E00E800CA /* UIView+Extension.m in Sources */,
				1F8C21B31AF52B0400E800CA /* AppDelegate.m in Sources */,
				1FA39EE91AF5F68C00880F87 /* WRMenuViewController.m in Sources */,
				1F8C21B51AF52B0400E800CA /* main.m in Sources */,
			);
			runOnlyForDeploymentPostprocessing = 0;
		};
		1F8C21911AF528F500E800CA /* Sources */ = {
			isa = PBXSourcesBuildPhase;
			buildActionMask = 2147483647;
			files = (
				1F8C219C1AF528F500E800CA /* ____Tests.m in Sources */,
			);
			runOnlyForDeploymentPostprocessing = 0;
		};
/* End PBXSourcesBuildPhase section */

/* Begin PBXTargetDependency section */
		1F8C21971AF528F500E800CA /* PBXTargetDependency */ = {
			isa = PBXTargetDependency;
			target = 1F8C217B1AF528F500E800CA /* 抽屉导航 */;
			targetProxy = 1F8C21961AF528F500E800CA /* PBXContainerItemProxy */;
		};
/* End PBXTargetDependency section */

/* Begin PBXVariantGroup section */
		1F8C21B01AF52B0400E800CA /* LaunchScreen.xib */ = {
			isa = PBXVariantGroup;
			children = (
				1F8C21B11AF52B0400E800CA /* Base */,
			);
			name = LaunchScreen.xib;
			sourceTree = "<group>";
		};
/* End PBXVariantGroup section */

/* Begin XCBuildConfiguration section */
		1F8C219D1AF528F500E800CA /* Debug */ = {
			isa = XCBuildConfiguration;
			buildSettings = {
				ALWAYS_SEARCH_USER_PATHS = NO;
				CLANG_CXX_LANGUAGE_STANDARD = "gnu++0x";
				CLANG_CXX_LIBRARY = "libc++";
				CLANG_ENABLE_MODULES = YES;
				CLANG_ENABLE_OBJC_ARC = YES;
				CLANG_WARN_BOOL_CONVERSION = YES;
				CLANG_WARN_CONSTANT_CONVERSION = YES;
				CLANG_WARN_DIRECT_OBJC_ISA_USAGE = YES_ERROR;
				CLANG_WARN_EMPTY_BODY = YES;
				CLANG_WARN_ENUM_CONVERSION = YES;
				CLANG_WARN_INT_CONVERSION = YES;
				CLANG_WARN_OBJC_ROOT_CLASS = YES_ERROR;
				CLANG_WARN_UNREACHABLE_CODE = YES;
				CLANG_WARN__DUPLICATE_METHOD_MATCH = YES;
				"CODE_SIGN_IDENTITY[sdk=iphoneos*]" = "iPhone Developer";
				COPY_PHASE_STRIP = NO;
				ENABLE_STRICT_OBJC_MSGSEND = YES;
				GCC_C_LANGUAGE_STANDARD = gnu99;
				GCC_DYNAMIC_NO_PIC = NO;
				GCC_OPTIMIZATION_LEVEL = 0;
				GCC_PREPROCESSOR_DEFINITIONS = (
					"DEBUG=1",
					"$(inherited)",
				);
				GCC_SYMBOLS_PRIVATE_EXTERN = NO;
				GCC_WARN_64_TO_32_BIT_CONVERSION = YES;
				GCC_WARN_ABOUT_RETURN_TYPE = YES_ERROR;
				GCC_WARN_UNDECLARED_SELECTOR = YES;
				GCC_WARN_UNINITIALIZED_AUTOS = YES_AGGRESSIVE;
				GCC_WARN_UNUSED_FUNCTION = YES;
				GCC_WARN_UNUSED_VARIABLE = YES;
				IPHONEOS_DEPLOYMENT_TARGET = 8.1;
				MTL_ENABLE_DEBUG_INFO = YES;
				ONLY_ACTIVE_ARCH = YES;
				SDKROOT = iphoneos;
			};
			name = Debug;
		};
		1F8C219E1AF528F500E800CA /* Release */ = {
			isa = XCBuildConfiguration;
			buildSettings = {
				ALWAYS_SEARCH_USER_PATHS = NO;
				CLANG_CXX_LANGUAGE_STANDARD = "gnu++0x";
				CLANG_CXX_LIBRARY = "libc++";
				CLANG_ENABLE_MODULES = YES;
				CLANG_ENABLE_OBJC_ARC = YES;
				CLANG_WARN_BOOL_CONVERSION = YES;
				CLANG_WARN_CONSTANT_CONVERSION = YES;
				CLANG_WARN_DIRECT_OBJC_ISA_USAGE = YES_ERROR;
				CLANG_WARN_EMPTY_BODY = YES;
				CLANG_WARN_ENUM_CONVERSION = YES;
				CLANG_WARN_INT_CONVERSION = YES;
				CLANG_WARN_OBJC_ROOT_CLASS = YES_ERROR;
				CLANG_WARN_UNREACHABLE_CODE = YES;
				CLANG_WARN__DUPLICATE_METHOD_MATCH = YES;
				"CODE_SIGN_IDENTITY[sdk=iphoneos*]" = "iPhone Developer";
				COPY_PHASE_STRIP = YES;
				ENABLE_NS_ASSERTIONS = NO;
				ENABLE_STRICT_OBJC_MSGSEND = YES;
				GCC_C_LANGUAGE_STANDARD = gnu99;
				GCC_WARN_64_TO_32_BIT_CONVERSION = YES;
				GCC_WARN_ABOUT_RETURN_TYPE = YES_ERROR;
				GCC_WARN_UNDECLARED_SELECTOR = YES;
				GCC_WARN_UNINITIALIZED_AUTOS = YES_AGGRESSIVE;
				GCC_WARN_UNUSED_FUNCTION = YES;
				GCC_WARN_UNUSED_VARIABLE = YES;
				IPHONEOS_DEPLOYMENT_TARGET = 8.1;
				MTL_ENABLE_DEBUG_INFO = NO;
				SDKROOT = iphoneos;
				VALIDATE_PRODUCT = YES;
			};
			name = Release;
		};
		1F8C21A01AF528F500E800CA /* Debug */ = {
			isa = XCBuildConfiguration;
			buildSettings = {
				ASSETCATALOG_COMPILER_APPICON_NAME = AppIcon;
				INFOPLIST_FILE = "抽屉导航/Info.plist";
				LD_RUNPATH_SEARCH_PATHS = "$(inherited) @executable_path/Frameworks";
				PRODUCT_NAME = "$(TARGET_NAME)";
			};
			name = Debug;
		};
		1F8C21A11AF528F500E800CA /* Release */ = {
			isa = XCBuildConfiguration;
			buildSettings = {
				ASSETCATALOG_COMPILER_APPICON_NAME = AppIcon;
				INFOPLIST_FILE = "抽屉导航/Info.plist";
				LD_RUNPATH_SEARCH_PATHS = "$(inherited) @executable_path/Frameworks";
				PRODUCT_NAME = "$(TARGET_NAME)";
			};
			name = Release;
		};
		1F8C21A31AF528F500E800CA /* Debug */ = {
			isa = XCBuildConfiguration;
			buildSettings = {
				BUNDLE_LOADER = "$(TEST_HOST)";
				FRAMEWORK_SEARCH_PATHS = (
					"$(SDKROOT)/Developer/Library/Frameworks",
					"$(inherited)",
				);
				GCC_PREPROCESSOR_DEFINITIONS = (
					"DEBUG=1",
					"$(inherited)",
				);
				INFOPLIST_FILE = "抽屉导航Tests/Info.plist";
				LD_RUNPATH_SEARCH_PATHS = "$(inherited) @executable_path/Frameworks @loader_path/Frameworks";
				PRODUCT_NAME = "$(TARGET_NAME)";
				TEST_HOST = "$(BUILT_PRODUCTS_DIR)/抽屉导航.app/抽屉导航";
			};
			name = Debug;
		};
		1F8C21A41AF528F500E800CA /* Release */ = {
			isa = XCBuildConfiguration;
			buildSettings = {
				BUNDLE_LOADER = "$(TEST_HOST)";
				FRAMEWORK_SEARCH_PATHS = (
					"$(SDKROOT)/Developer/Library/Frameworks",
					"$(inherited)",
				);
				INFOPLIST_FILE = "抽屉导航Tests/Info.plist";
				LD_RUNPATH_SEARCH_PATHS = "$(inherited) @executable_path/Frameworks @loader_path/Frameworks";
				PRODUCT_NAME = "$(TARGET_NAME)";
				TEST_HOST = "$(BUILT_PRODUCTS_DIR)/抽屉导航.app/抽屉导航";
			};
			name = Release;
		};
/* End XCBuildConfiguration section */

/* Begin XCConfigurationList section */
		1F8C21771AF528F500E800CA /* Build configuration list for PBXProject "抽屉导航" */ = {
			isa = XCConfigurationList;
			buildConfigurations = (
				1F8C219D1AF528F500E800CA /* Debug */,
				1F8C219E1AF528F500E800CA /* Release */,
			);
			defaultConfigurationIsVisible = 0;
			defaultConfigurationName = Release;
		};
		1F8C219F1AF528F500E800CA /* Build configuration list for PBXNativeTarget "抽屉导航" */ = {
			isa = XCConfigurationList;
			buildConfigurations = (
				1F8C21A01AF528F500E800CA /* Debug */,
				1F8C21A11AF528F500E800CA /* Release */,
			);
			defaultConfigurationIsVisible = 0;
			defaultConfigurationName = Release;
		};
		1F8C21A21AF528F500E800CA /* Build configuration list for PBXNativeTarget "抽屉导航Tests" */ = {
			isa = XCConfigurationList;
			buildConfigurations = (
				1F8C21A31AF528F500E800CA /* Debug */,
				1F8C21A41AF528F500E800CA /* Release */,
			);
			defaultConfigurationIsVisible = 0;
			defaultConfigurationName = Release;
		};
/* End XCConfigurationList section */
	};
	rootObject = 1F8C21741AF528F500E800CA /* Project object */;
}
